github.com/montanaflynn/stats v0.7.1 h1:etflOAAHORrCC44V+aR6Ftzort912ZU+YLiSTuV8eaE=
github.com/montanaflynn/stats v0.7.1/go.mod h1:etXPPgVO6n31NxCd9KQUMvCM+ve0ruNzt6R8Bnaayow=
golang.org/x/exp/errors v0.0.0-20240213143201-ec583247a57a h1:eCMZgpMSwCZukmX3VgiOBpPZ/qVUM7Cyx34o+RSG4KA=
golang.org/x/exp/errors v0.0.0-20240213143201-ec583247a57a/go.mod h1:YgqsNsAu4fTvlab/7uiYK9LJrCIzKg/NiZUIH1/ayqo=
